PackratFormat: 1.4
PackratVersion: 0.4.8.1
RVersion: 3.3.1
Repos: CRAN=https://cran.rstudio.com/

Package: BH
Source: CRAN
Version: 1.60.0-2
Hash: be2967bcff307e561d9ba17faf03205c

Package: DBI
Source: CRAN
Version: 0.5-1
Hash: 375869004db963f9915f2b8a49b4a718

Package: R6
Source: CRAN
Version: 2.2.0
Hash: 712773a3439bd32db5c40938e1a9aac2

Package: RColorBrewer
Source: CRAN
Version: 1.1-2
Hash: c0d56cd15034f395874c870141870c25

Package: Rcpp
Source: CRAN
Version: 0.12.7
Hash: f0ba7322cfb66f1b563462faa9c2b2ab

Package: V8
Source: CRAN
Version: 1.1
Hash: 890cb924cc9f4d8ca8b28db48df7655b
Requires: Rcpp, curl, jsonlite

Package: albersusa
Source: github
Version: 0.2.0
Hash: 4ef15ff5e0b5a4267b298d2d3442b73b
Requires: maptools, rgdal, rgeos, sp
GithubRepo: albersusa
GithubUsername: hrbrmstr
GithubRef: master
GithubSha1: cfbad8fa8d82d075d66e75e86c25e9dfc5c8f510

Package: ash
Source: CRAN
Version: 1.0-15
Hash: 21c2b3e7724465b8a9eeacc9b2af6bbb

Package: assertthat
Source: CRAN
Version: 0.1
Hash: 0afb92b59b02593c70ff8046700ba9d3

Package: base64enc
Source: CRAN
Version: 0.1-3
Hash: c590d29e555926af053055e23ee79efb

Package: bitops
Source: CRAN
Version: 1.0-6
Hash: 67d0775189fd0041d95abca618c5c07e

Package: brew
Source: CRAN
Version: 1.0-6
Hash: 931f9972deae0f205e1c78a51f33149b

Package: broom
Source: CRAN
Version: 0.4.1
Hash: c90145ada2eac0128487c21ab2ac9c78
Requires: dplyr, plyr, psych, reshape2, stringr, tidyr

Package: caTools
Source: CRAN
Version: 1.17.1
Hash: 97cb6f6293cd18d17df77a6383cc6763
Requires: bitops

Package: cleangeo
Source: CRAN
Version: 0.2
Hash: 1cba7d902d652e12a703a0ae84304918
Requires: maptools, rgeos, sp

Package: colorspace
Source: CRAN
Version: 1.2-7
Hash: a5cf9920b36c0a171e1b04ffed1ace5a

Package: crayon
Source: github
Version: 1.3.2
Hash: 82e2c8aa60651a8ae70c820efc6e8f31
GithubRepo: crayon
GithubUsername: gaborcsardi
GithubRef: master
GithubSha1: 7738aa4e2f527e2cd2918f3f7ab74a575abaaec1

Package: curl
Source: CRAN
Version: 2.1
Hash: e3d6a6a421b8418ae333894b6a16829f

Package: devtools
Source: CRAN
Version: 1.12.0
Hash: bbad95109ae75cbb14099281cda43af2
Requires: digest, git2r, httr, jsonlite, memoise, rstudioapi, whisker,
    withr

Package: dichromat
Source: CRAN
Version: 2.0-0
Hash: 08eed0c80510af29bb15f840ccfe37ce

Package: digest
Source: CRAN
Version: 0.6.10
Hash: 87165608ca8aeb0958835c3c5b52b6b7

Package: dplyr
Source: CRAN
Version: 0.5.0
Hash: 03e5e71801c0f49217922e2cd4680f06
Requires: BH, DBI, R6, Rcpp, assertthat, lazyeval, magrittr, tibble

Package: evaluate
Source: CRAN
Version: 0.10
Hash: c3601a10c987d439e0c63ec635234a76
Requires: stringr

Package: formatR
Source: CRAN
Version: 1.4
Hash: b2a47a2b91737978cf50ba95825a9cd1

Package: ggalt
Source: CRAN
Version: 0.1.1
Hash: ad4015df67ed2d8abfa4916b8752acc0
Requires: RColorBrewer, ash, dplyr, ggplot2, gtable, maps, proj4,
    scales

Package: ggplot2
Source: CRAN
Version: 2.1.0
Hash: 50e297b0191179c39c7dcae0eff72b51
Requires: digest, gtable, plyr, reshape2, scales

Package: ggthemes
Source: CRAN
Version: 3.2.0
Hash: 44ef6d3a43f207cea8003ed2d69c9c36
Requires: assertthat, colorspace, ggplot2, scales

Package: git2r
Source: CRAN
Version: 0.15.0
Hash: 92d5a9f3cba5e146b92a76dabbc29fbb

Package: gtable
Source: CRAN
Version: 0.2.0
Hash: cd78381a9d3fea966ac39bd0daaf5554

Package: highr
Source: CRAN
Version: 0.6
Hash: aa3d5b7912b5fed4b546ed5cd2a1760b

Package: htmltools
Source: CRAN
Version: 0.3.5
Hash: a96dc1cfe628e66337c86be732567df2
Requires: Rcpp, digest

Package: httr
Source: CRAN
Version: 1.2.1
Hash: 7de1f8f760441881804af7c1ff324340
Requires: R6, curl, jsonlite, mime, openssl

Package: jsonlite
Source: CRAN
Version: 1.1
Hash: 86d4b85b84421a4815f1bb4872e30ef4

Package: knitr
Source: CRAN
Version: 1.14
Hash: e7b411f5a5512295a260a45683fa0c4a
Requires: digest, evaluate, formatR, highr, markdown, stringr, yaml

Package: labeling
Source: CRAN
Version: 0.3
Hash: ecf589b42cd284b03a4beb9665482d3e

Package: lazyeval
Source: CRAN
Version: 0.2.0
Hash: 3d6e7608e65bbf5cb170dab1e3c9ed8b

Package: magrittr
Source: CRAN
Version: 1.5
Hash: bdc4d48c3135e8f3b399536ddf160df4

Package: maps
Source: CRAN
Version: 3.1.1
Hash: 4a0a1b1764bfe2c41c6fc21790408caf

Package: maptools
Source: CRAN
Version: 0.8-39
Hash: f88d489894305e514eacb380f4cb2008
Requires: sp

Package: markdown
Source: CRAN
Version: 0.7.7
Hash: fea2343a1119d61b0cc5c0a950d103a3
Requires: mime

Package: memoise
Source: CRAN
Version: 1.0.0
Hash: 56e7087c3559eb7ba72a9afb349bf896
Requires: digest

Package: mime
Source: CRAN
Version: 0.5
Hash: 463550cf44fb6f0a2359368f42eebe62

Package: mnormt
Source: CRAN
Version: 1.5-5
Hash: d0d5efbb1fb26d2dc5f9394c223084b5

Package: munsell
Source: CRAN
Version: 0.4.3
Hash: f96d896947fcaf9b6d0074002e9f4f9d
Requires: colorspace

Package: openssl
Source: CRAN
Version: 0.9.4
Hash: 5ceb5d83bba44e8e5a764ac6ad32e9fb

Package: packrat
Source: CRAN
Version: 0.4.8-1
Hash: 6ad605ba7b4b476d84be6632393f5765

Package: plyr
Source: CRAN
Version: 1.8.4
Hash: 75ca080b10a9314a9b293964331e5df7
Requires: Rcpp

Package: praise
Source: CRAN
Version: 1.0.0
Hash: 77da8f1df873a4b91e5c4a68fe2fb1b6

Package: proj4
Source: CRAN
Version: 1.0-8
Hash: 0582c4cb021176fb212092068803f4b5

Package: psych
Source: CRAN
Version: 1.6.9
Hash: 663c0ab3af51e3b685a10d7d12d7078f
Requires: mnormt

Package: purrr
Source: CRAN
Version: 0.2.2
Hash: 14bc8b3a4c61f67866ebfb413f77ff9f
Requires: BH, Rcpp, dplyr, lazyeval, magrittr

Package: reshape2
Source: CRAN
Version: 1.4.1
Hash: c9a8d2349fe969cf519dd0ced9cc1414
Requires: Rcpp, plyr, stringr

Package: rgdal
Source: CRAN
Version: 1.1-10
Hash: 1fae4b687cb1aa13e94b0d5576f527cf
Requires: sp

Package: rgeos
Source: CRAN
Version: 0.3-21
Hash: d34cb398be8b8c4936c8afe99f1cea80
Requires: sp

Package: rmarkdown
Source: CRAN
Version: 1.1
Hash: d0e9f583d85019c99a171b094979fcb3
Requires: base64enc, caTools, evaluate, htmltools, jsonlite, knitr,
    tibble, yaml

Package: roxygen2
Source: CRAN
Version: 5.0.1
Hash: 77e2e933d3709300a251c7ef9cef82fc
Requires: Rcpp, brew, digest, stringi, stringr

Package: rstudioapi
Source: CRAN
Version: 0.6
Hash: fd256f8bfb9a64cc35f98b0decb1a79f

Package: scales
Source: CRAN
Version: 0.4.0
Hash: c4a91e7a322e03813b68b73940ce031f
Requires: RColorBrewer, Rcpp, dichromat, labeling, munsell, plyr

Package: sp
Source: CRAN
Version: 1.2-3
Hash: 50e24e98f39f1524698c2ccb3b30fdcf

Package: stringi
Source: CRAN
Version: 1.1.2
Hash: 1ad6b1cc11d982ac233bf2fa2f7c9684

Package: stringr
Source: CRAN
Version: 1.1.0
Hash: 4d21d0063b37a17ea18eaec6acd29bf3
Requires: magrittr, stringi

Package: testthat
Source: CRAN
Version: 1.0.2
Hash: 88d5291104227f9dc2e7c7c1d0eb6c74
Requires: R6, crayon, digest, magrittr, praise

Package: tibble
Source: CRAN
Version: 1.2
Hash: 3b35b556ef7acddb0d28fe6a27ad50e4
Requires: Rcpp, assertthat, lazyeval

Package: tidyr
Source: CRAN
Version: 0.6.0
Hash: daf06bb30f2d9581e69609e0c0f7d38a
Requires: Rcpp, dplyr, lazyeval, magrittr, stringi, tibble

Package: whisker
Source: CRAN
Version: 0.3-2
Hash: 803d662762e532705c2c066a82d066e7

Package: withr
Source: CRAN
Version: 1.0.2
Hash: 774eb7be9087cdc24b53b74e5359cfac

Package: yaml
Source: CRAN
Version: 2.1.13
Hash: 4854ccabebc225e8a7309fb4a74980de
